
Microsoft Visual Studio Solution File, Format Version 12.00
# Visual Studio Version 16
VisualStudioVersion = 16.0.31205.134
MinimumVisualStudioVersion = 10.0.40219.1
Project("{9A19103F-16F7-4668-BE54-9A1E7A4F7556}") = "HomeWork1", "BaseCamp\HomeWork1.csproj", "{75508C04-391D-4BF3-8DB0-E8B1655EB694}"
EndProject
Global
	GlobalSection(SolutionConfigurationPlatforms) = preSolution
		Debug|Any CPU = Debug|Any CPU
		Release|Any CPU = Release|Any CPU
	EndGlobalSection
	GlobalSection(ProjectConfigurationPlatforms) = postSolution
		{75508C04-391D-4BF3-8DB0-E8B1655EB694}.Debug|Any CPU.ActiveCfg = Debug|Any CPU
		{75508C04-391D-4BF3-8DB0-E8B1655EB694}.Debug|Any CPU.Build.0 = Debug|Any CPU
		{75508C04-391D-4BF3-8DB0-E8B1655EB694}.Release|Any CPU.ActiveCfg = Release|Any CPU
		{75508C04-391D-4BF3-8DB0-E8B1655EB694}.Release|Any CPU.Build.0 = Release|Any CPU
	EndGlobalSection
	GlobalSection(SolutionProperties) = preSolution
		HideSolutionNode = FALSE
	EndGlobalSection
	GlobalSection(ExtensibilityGlobals) = postSolution
		SolutionGuid = {7553C850-4878-42A0-B331-224085805392}
	EndGlobalSection
EndGlobal
