
Microsoft Visual Studio Solution File, Format Version 12.00
# Visual Studio Version 16
VisualStudioVersion = 16.0.31205.134
MinimumVisualStudioVersion = 10.0.40219.1
Project("{FAE04EC0-301F-11D3-BF4B-00C04F79EFBC}") = "HomeTask1", "HomeTask1\HomeTask1.csproj", "{B748D1AA-F15A-48C2-B12B-5093ED4FB4C5}"
EndProject
Global
	GlobalSection(SolutionConfigurationPlatforms) = preSolution
		Debug|Any CPU = Debug|Any CPU
		Release|Any CPU = Release|Any CPU
	EndGlobalSection
	GlobalSection(ProjectConfigurationPlatforms) = postSolution
		{B748D1AA-F15A-48C2-B12B-5093ED4FB4C5}.Debug|Any CPU.ActiveCfg = Debug|Any CPU
		{B748D1AA-F15A-48C2-B12B-5093ED4FB4C5}.Debug|Any CPU.Build.0 = Debug|Any CPU
		{B748D1AA-F15A-48C2-B12B-5093ED4FB4C5}.Release|Any CPU.ActiveCfg = Release|Any CPU
		{B748D1AA-F15A-48C2-B12B-5093ED4FB4C5}.Release|Any CPU.Build.0 = Release|Any CPU
	EndGlobalSection
	GlobalSection(SolutionProperties) = preSolution
		HideSolutionNode = FALSE
	EndGlobalSection
	GlobalSection(ExtensibilityGlobals) = postSolution
		SolutionGuid = {78727AA0-E8AC-42C9-A5EA-6EB91D250304}
	EndGlobalSection
EndGlobal
